// !$*UTF8*$!
{
	archiveVersion = 1;
	classes = {
	};
	objectVersion = 46;
	objects = {

/* Begin PBXBuildFile section */
		ECA866591B6D6BC6007B2AA3 /* AppDelegate.swift in Sources */ = {isa = PBXBuildFile; fileRef = ECA866581B6D6BC6007B2AA3 /* AppDelegate.swift */; };
		ECA8665B1B6D6BC6007B2AA3 /* PhotoVC.swift in Sources */ = {isa = PBXBuildFile; fileRef = ECA8665A1B6D6BC6007B2AA3 /* PhotoVC.swift */; };
		ECA8665E1B6D6BC6007B2AA3 /* Main.storyboard in Resources */ = {isa = PBXBuildFile; fileRef = ECA8665C1B6D6BC6007B2AA3 /* Main.storyboard */; };
		ECA866601B6D6BC6007B2AA3 /* Images.xcassets in Resources */ = {isa = PBXBuildFile; fileRef = ECA8665F1B6D6BC6007B2AA3 /* Images.xcassets */; };
		ECA866631B6D6BC6007B2AA3 /* LaunchScreen.xib in Resources */ = {isa = PBXBuildFile; fileRef = ECA866611B6D6BC6007B2AA3 /* LaunchScreen.xib */; };
		ECA8666F1B6D6BC7007B2AA3 /* Photo_AlignerTests.swift in Sources */ = {isa = PBXBuildFile; fileRef = ECA8666E1B6D6BC7007B2AA3 /* Photo_AlignerTests.swift */; };
		ECD39CD31B6D6FBD00605498 /* ResultsVC.swift in Sources */ = {isa = PBXBuildFile; fileRef = ECD39CD21B6D6FBD00605498 /* ResultsVC.swift */; };
/* End PBXBuildFile section */

/* Begin PBXContainerItemProxy section */
		ECA866691B6D6BC7007B2AA3 /* PBXContainerItemProxy */ = {
			isa = PBXContainerItemProxy;
			containerPortal = ECA8664B1B6D6BC6007B2AA3 /* Project object */;
			proxyType = 1;
			remoteGlobalIDString = ECA866521B6D6BC6007B2AA3;
			remoteInfo = "Photo Aligner";
		};
/* End PBXContainerItemProxy section */

/* Begin PBXFileReference section */
		ECA866531B6D6BC6007B2AA3 /* Photo Aligner.app */ = {isa = PBXFileReference; explicitFileType = wrapper.application; includeInIndex = 0; path = "Photo Aligner.app"; sourceTree = BUILT_PRODUCTS_DIR; };
		ECA866571B6D6BC6007B2AA3 /* Info.plist */ = {isa = PBXFileReference; lastKnownFileType = text.plist.xml; path = Info.plist; sourceTree = "<group>"; };
		ECA866581B6D6BC6007B2AA3 /* AppDelegate.swift */ = {isa = PBXFileReference; lastKnownFileType = sourcecode.swift; path = AppDelegate.swift; sourceTree = "<group>"; };
		ECA8665A1B6D6BC6007B2AA3 /* PhotoVC.swift */ = {isa = PBXFileReference; lastKnownFileType = sourcecode.swift; path = PhotoVC.swift; sourceTree = "<group>"; };
		ECA8665D1B6D6BC6007B2AA3 /* Base */ = {isa = PBXFileReference; lastKnownFileType = file.storyboard; name = Base; path = Base.lproj/Main.storyboard; sourceTree = "<group>"; };
		ECA8665F1B6D6BC6007B2AA3 /* Images.xcassets */ = {isa = PBXFileReference; lastKnownFileType = folder.assetcatalog; path = Images.xcassets; sourceTree = "<group>"; };
		ECA866621B6D6BC6007B2AA3 /* Base */ = {isa = PBXFileReference; lastKnownFileType = file.xib; name = Base; path = Base.lproj/LaunchScreen.xib; sourceTree = "<group>"; };
		ECA866681B6D6BC7007B2AA3 /* Photo AlignerTests.xctest */ = {isa = PBXFileReference; explicitFileType = wrapper.cfbundle; includeInIndex = 0; path = "Photo AlignerTests.xctest"; sourceTree = BUILT_PRODUCTS_DIR; };
		ECA8666D1B6D6BC7007B2AA3 /* Info.plist */ = {isa = PBXFileReference; lastKnownFileType = text.plist.xml; path = Info.plist; sourceTree = "<group>"; };
		ECA8666E1B6D6BC7007B2AA3 /* Photo_AlignerTests.swift */ = {isa = PBXFileReference; lastKnownFileType = sourcecode.swift; path = Photo_AlignerTests.swift; sourceTree = "<group>"; };
		ECD39CD21B6D6FBD00605498 /* ResultsVC.swift */ = {isa = PBXFileReference; fileEncoding = 4; lastKnownFileType = sourcecode.swift; path = ResultsVC.swift; sourceTree = "<group>"; };
/* End PBXFileReference section */

/* Begin PBXFrameworksBuildPhase section */
		ECA866501B6D6BC6007B2AA3 /* Frameworks */ = {
			isa = PBXFrameworksBuildPhase;
			buildActionMask = 2147483647;
			files = (
			);
			runOnlyForDeploymentPostprocessing = 0;
		};
		ECA866651B6D6BC7007B2AA3 /* Frameworks */ = {
			isa = PBXFrameworksBuildPhase;
			buildActionMask = 2147483647;
			files = (
			);
			runOnlyForDeploymentPostprocessing = 0;
		};
/* End PBXFrameworksBuildPhase section */

/* Begin PBXGroup section */
		ECA8664A1B6D6BC6007B2AA3 = {
			isa = PBXGroup;
			children = (
				ECA866551B6D6BC6007B2AA3 /* Photo Aligner */,
				ECA8666B1B6D6BC7007B2AA3 /* Photo AlignerTests */,
				ECA866541B6D6BC6007B2AA3 /* Products */,
			);
			sourceTree = "<group>";
		};
		ECA866541B6D6BC6007B2AA3 /* Products */ = {
			isa = PBXGroup;
			children = (
				ECA866531B6D6BC6007B2AA3 /* Photo Aligner.app */,
				ECA866681B6D6BC7007B2AA3 /* Photo AlignerTests.xctest */,
			);
			name = Products;
			sourceTree = "<group>";
		};
		ECA866551B6D6BC6007B2AA3 /* Photo Aligner */ = {
			isa = PBXGroup;
			children = (
				ECA866581B6D6BC6007B2AA3 /* AppDelegate.swift */,
				ECA8665A1B6D6BC6007B2AA3 /* PhotoVC.swift */,
				ECD39CD21B6D6FBD00605498 /* ResultsVC.swift */,
				ECA8665C1B6D6BC6007B2AA3 /* Main.storyboard */,
				ECA8665F1B6D6BC6007B2AA3 /* Images.xcassets */,
				ECA866611B6D6BC6007B2AA3 /* LaunchScreen.xib */,
				ECA866561B6D6BC6007B2AA3 /* Supporting Files */,
			);
			path = "Photo Aligner";
			sourceTree = "<group>";
		};
		ECA866561B6D6BC6007B2AA3 /* Supporting Files */ = {
			isa = PBXGroup;
			children = (
				ECA866571B6D6BC6007B2AA3 /* Info.plist */,
			);
			name = "Supporting Files";
			sourceTree = "<group>";
		};
		ECA8666B1B6D6BC7007B2AA3 /* Photo AlignerTests */ = {
			isa = PBXGroup;
			children = (
				ECA8666E1B6D6BC7007B2AA3 /* Photo_AlignerTests.swift */,
				ECA8666C1B6D6BC7007B2AA3 /* Supporting Files */,
			);
			path = "Photo AlignerTests";
			sourceTree = "<group>";
		};
		ECA8666C1B6D6BC7007B2AA3 /* Supporting Files */ = {
			isa = PBXGroup;
			children = (
				ECA8666D1B6D6BC7007B2AA3 /* Info.plist */,
			);
			name = "Supporting Files";
			sourceTree = "<group>";
		};
/* End PBXGroup section */

/* Begin PBXNativeTarget section */
		ECA866521B6D6BC6007B2AA3 /* Photo Aligner */ = {
			isa = PBXNativeTarget;
			buildConfigurationList = ECA866721B6D6BC7007B2AA3 /* Build configuration list for PBXNativeTarget "Photo Aligner" */;
			buildPhases = (
				ECA8664F1B6D6BC6007B2AA3 /* Sources */,
				ECA866501B6D6BC6007B2AA3 /* Frameworks */,
				ECA866511B6D6BC6007B2AA3 /* Resources */,
			);
			buildRules = (
			);
			dependencies = (
			);
			name = "Photo Aligner";
			productName = "Photo Aligner";
			productReference = ECA866531B6D6BC6007B2AA3 /* Photo Aligner.app */;
			productType = "com.apple.product-type.application";
		};
		ECA866671B6D6BC7007B2AA3 /* Photo AlignerTests */ = {
			isa = PBXNativeTarget;
			buildConfigurationList = ECA866751B6D6BC7007B2AA3 /* Build configuration list for PBXNativeTarget "Photo AlignerTests" */;
			buildPhases = (
				ECA866641B6D6BC7007B2AA3 /* Sources */,
				ECA866651B6D6BC7007B2AA3 /* Frameworks */,
				ECA866661B6D6BC7007B2AA3 /* Resources */,
			);
			buildRules = (
			);
			dependencies = (
				ECA8666A1B6D6BC7007B2AA3 /* PBXTargetDependency */,
			);
			name = "Photo AlignerTests";
			productName = "Photo AlignerTests";
			productReference = ECA866681B6D6BC7007B2AA3 /* Photo AlignerTests.xctest */;
			productType = "com.apple.product-type.bundle.unit-test";
		};
/* End PBXNativeTarget section */

/* Begin PBXProject section */
		ECA8664B1B6D6BC6007B2AA3 /* Project object */ = {
			isa = PBXProject;
			attributes = {
				LastUpgradeCheck = 0640;
				ORGANIZATIONNAME = "Proximity Viz LLC";
				TargetAttributes = {
					ECA866521B6D6BC6007B2AA3 = {
						CreatedOnToolsVersion = 6.4;
						DevelopmentTeam = 34XFQ7WVN3;
					};
					ECA866671B6D6BC7007B2AA3 = {
						CreatedOnToolsVersion = 6.4;
						TestTargetID = ECA866521B6D6BC6007B2AA3;
					};
				};
			};
			buildConfigurationList = ECA8664E1B6D6BC6007B2AA3 /* Build configuration list for PBXProject "Photo Aligner" */;
			compatibilityVersion = "Xcode 3.2";
			developmentRegion = English;
			hasScannedForEncodings = 0;
			knownRegions = (
				en,
				Base,
			);
			mainGroup = ECA8664A1B6D6BC6007B2AA3;
			productRefGroup = ECA866541B6D6BC6007B2AA3 /* Products */;
			projectDirPath = "";
			projectRoot = "";
			targets = (
				ECA866521B6D6BC6007B2AA3 /* Photo Aligner */,
				ECA866671B6D6BC7007B2AA3 /* Photo AlignerTests */,
			);
		};
/* End PBXProject section */

/* Begin PBXResourcesBuildPhase section */
		ECA866511B6D6BC6007B2AA3 /* Resources */ = {
			isa = PBXResourcesBuildPhase;
			buildActionMask = 2147483647;
			files = (
				ECA8665E1B6D6BC6007B2AA3 /* Main.storyboard in Resources */,
				ECA866631B6D6BC6007B2AA3 /* LaunchScreen.xib in Resources */,
				ECA866601B6D6BC6007B2AA3 /* Images.xcassets in Resources */,
			);
			runOnlyForDeploymentPostprocessing = 0;
		};
		ECA866661B6D6BC7007B2AA3 /* Resources */ = {
			isa = PBXResourcesBuildPhase;
			buildActionMask = 2147483647;
			files = (
			);
			runOnlyForDeploymentPostprocessing = 0;
		};
/* End PBXResourcesBuildPhase section */

/* Begin PBXSourcesBuildPhase section */
		ECA8664F1B6D6BC6007B2AA3 /* Sources */ = {
			isa = PBXSourcesBuildPhase;
			buildActionMask = 2147483647;
			files = (
				ECA8665B1B6D6BC6007B2AA3 /* PhotoVC.swift in Sources */,
				ECD39CD31B6D6FBD00605498 /* ResultsVC.swift in Sources */,
				ECA866591B6D6BC6007B2AA3 /* AppDelegate.swift in Sources */,
			);
			runOnlyForDeploymentPostprocessing = 0;
		};
		ECA866641B6D6BC7007B2AA3 /* Sources */ = {
			isa = PBXSourcesBuildPhase;
			buildActionMask = 2147483647;
			files = (
				ECA8666F1B6D6BC7007B2AA3 /* Photo_AlignerTests.swift in Sources */,
			);
			runOnlyForDeploymentPostprocessing = 0;
		};
/* End PBXSourcesBuildPhase section */

/* Begin PBXTargetDependency section */
		ECA8666A1B6D6BC7007B2AA3 /* PBXTargetDependency */ = {
			isa = PBXTargetDependency;
			target = ECA866521B6D6BC6007B2AA3 /* Photo Aligner */;
			targetProxy = ECA866691B6D6BC7007B2AA3 /* PBXContainerItemProxy */;
		};
/* End PBXTargetDependency section */

/* Begin PBXVariantGroup section */
		ECA8665C1B6D6BC6007B2AA3 /* Main.storyboard */ = {
			isa = PBXVariantGroup;
			children = (
				ECA8665D1B6D6BC6007B2AA3 /* Base */,
			);
			name = Main.storyboard;
			sourceTree = "<group>";
		};
		ECA866611B6D6BC6007B2AA3 /* LaunchScreen.xib */ = {
			isa = PBXVariantGroup;
			children = (
				ECA866621B6D6BC6007B2AA3 /* Base */,
			);
			name = LaunchScreen.xib;
			sourceTree = "<group>";
		};
/* End PBXVariantGroup section */

/* Begin XCBuildConfiguration section */
		ECA866701B6D6BC7007B2AA3 /* Debug */ = {
			isa = XCBuildConfiguration;
			buildSettings = {
				ALWAYS_SEARCH_USER_PATHS = NO;
				CLANG_CXX_LANGUAGE_STANDARD = "gnu++0x";
				CLANG_CXX_LIBRARY = "libc++";
				CLANG_ENABLE_MODULES = YES;
				CLANG_ENABLE_OBJC_ARC = YES;
				CLANG_WARN_BOOL_CONVERSION = YES;
				CLANG_WARN_CONSTANT_CONVERSION = YES;
				CLANG_WARN_DIRECT_OBJC_ISA_USAGE = YES_ERROR;
				CLANG_WARN_EMPTY_BODY = YES;
				CLANG_WARN_ENUM_CONVERSION = YES;
				CLANG_WARN_INT_CONVERSION = YES;
				CLANG_WARN_OBJC_ROOT_CLASS = YES_ERROR;
				CLANG_WARN_UNREACHABLE_CODE = YES;
				CLANG_WARN__DUPLICATE_METHOD_MATCH = YES;
				"CODE_SIGN_IDENTITY[sdk=iphoneos*]" = "iPhone Developer";
				COPY_PHASE_STRIP = NO;
				DEBUG_INFORMATION_FORMAT = "dwarf-with-dsym";
				ENABLE_STRICT_OBJC_MSGSEND = YES;
				GCC_C_LANGUAGE_STANDARD = gnu99;
				GCC_DYNAMIC_NO_PIC = NO;
				GCC_NO_COMMON_BLOCKS = YES;
				GCC_OPTIMIZATION_LEVEL = 0;
				GCC_PREPROCESSOR_DEFINITIONS = (
					"DEBUG=1",
					"$(inherited)",
				);
				GCC_SYMBOLS_PRIVATE_EXTERN = NO;
				GCC_WARN_64_TO_32_BIT_CONVERSION = YES;
				GCC_WARN_ABOUT_RETURN_TYPE = YES_ERROR;
				GCC_WARN_UNDECLARED_SELECTOR = YES;
				GCC_WARN_UNINITIALIZED_AUTOS = YES_AGGRESSIVE;
				GCC_WARN_UNUSED_FUNCTION = YES;
				GCC_WARN_UNUSED_VARIABLE = YES;
				IPHONEOS_DEPLOYMENT_TARGET = 8.4;
				MTL_ENABLE_DEBUG_INFO = YES;
				ONLY_ACTIVE_ARCH = YES;
				SDKROOT = iphoneos;
				SWIFT_OPTIMIZATION_LEVEL = "-Onone";
				TARGETED_DEVICE_FAMILY = "1,2";
			};
			name = Debug;
		};
		ECA866711B6D6BC7007B2AA3 /* Release */ = {
			isa = XCBuildConfiguration;
			buildSettings = {
				ALWAYS_SEARCH_USER_PATHS = NO;
				CLANG_CXX_LANGUAGE_STANDARD = "gnu++0x";
				CLANG_CXX_LIBRARY = "libc++";
				CLANG_ENABLE_MODULES = YES;
				CLANG_ENABLE_OBJC_ARC = YES;
				CLANG_WARN_BOOL_CONVERSION = YES;
				CLANG_WARN_CONSTANT_CONVERSION = YES;
				CLANG_WARN_DIRECT_OBJC_ISA_USAGE = YES_ERROR;
				CLANG_WARN_EMPTY_BODY = YES;
				CLANG_WARN_ENUM_CONVERSION = YES;
				CLANG_WARN_INT_CONVERSION = YES;
				CLANG_WARN_OBJC_ROOT_CLASS = YES_ERROR;
				CLANG_WARN_UNREACHABLE_CODE = YES;
				CLANG_WARN__DUPLICATE_METHOD_MATCH = YES;
				"CODE_SIGN_IDENTITY[sdk=iphoneos*]" = "iPhone Developer";
				COPY_PHASE_STRIP = NO;
				DEBUG_INFORMATION_FORMAT = "dwarf-with-dsym";
				ENABLE_NS_ASSERTIONS = NO;
				ENABLE_STRICT_OBJC_MSGSEND = YES;
				GCC_C_LANGUAGE_STANDARD = gnu99;
				GCC_NO_COMMON_BLOCKS = YES;
				GCC_WARN_64_TO_32_BIT_CONVERSION = YES;
				GCC_WARN_ABOUT_RETURN_TYPE = YES_ERROR;
				GCC_WARN_UNDECLARED_SELECTOR = YES;
				GCC_WARN_UNINITIALIZED_AUTOS = YES_AGGRESSIVE;
				GCC_WARN_UNUSED_FUNCTION = YES;
				GCC_WARN_UNUSED_VARIABLE = YES;
				IPHONEOS_DEPLOYMENT_TARGET = 8.4;
				MTL_ENABLE_DEBUG_INFO = NO;
				SDKROOT = iphoneos;
				TARGETED_DEVICE_FAMILY = "1,2";
				VALIDATE_PRODUCT = YES;
			};
			name = Release;
		};
		ECA866731B6D6BC7007B2AA3 /* Debug */ = {
			isa = XCBuildConfiguration;
			buildSettings = {
				ASSETCATALOG_COMPILER_APPICON_NAME = AppIcon;
				CODE_SIGN_IDENTITY = "iPhone Developer";
				INFOPLIST_FILE = "Photo Aligner/Info.plist";
				IPHONEOS_DEPLOYMENT_TARGET = 8.0;
				LD_RUNPATH_SEARCH_PATHS = "$(inherited) @executable_path/Frameworks";
				PRODUCT_NAME = "$(TARGET_NAME)";
			};
			name = Debug;
		};
		ECA866741B6D6BC7007B2AA3 /* Release */ = {
			isa = XCBuildConfiguration;
			buildSettings = {
				ASSETCATALOG_COMPILER_APPICON_NAME = AppIcon;
				CODE_SIGN_IDENTITY = "iPhone Developer";
				INFOPLIST_FILE = "Photo Aligner/Info.plist";
				IPHONEOS_DEPLOYMENT_TARGET = 8.0;
				LD_RUNPATH_SEARCH_PATHS = "$(inherited) @executable_path/Frameworks";
				PRODUCT_NAME = "$(TARGET_NAME)";
			};
			name = Release;
		};
		ECA866761B6D6BC7007B2AA3 /* Debug */ = {
			isa = XCBuildConfiguration;
			buildSettings = {
				BUNDLE_LOADER = "$(TEST_HOST)";
				FRAMEWORK_SEARCH_PATHS = (
					"$(SDKROOT)/Developer/Library/Frameworks",
					"$(inherited)",
				);
				GCC_PREPROCESSOR_DEFINITIONS = (
					"DEBUG=1",
					"$(inherited)",
				);
				INFOPLIST_FILE = "Photo AlignerTests/Info.plist";
				LD_RUNPATH_SEARCH_PATHS = "$(inherited) @executable_path/Frameworks @loader_path/Frameworks";
				PRODUCT_NAME = "$(TARGET_NAME)";
				TEST_HOST = "$(BUILT_PRODUCTS_DIR)/Photo Aligner.app/Photo Aligner";
			};
			name = Debug;
		};
		ECA866771B6D6BC7007B2AA3 /* Release */ = {
			isa = XCBuildConfiguration;
			buildSettings = {
				BUNDLE_LOADER = "$(TEST_HOST)";
				FRAMEWORK_SEARCH_PATHS = (
					"$(SDKROOT)/Developer/Library/Frameworks",
					"$(inherited)",
				);
				INFOPLIST_FILE = "Photo AlignerTests/Info.plist";
				LD_RUNPATH_SEARCH_PATHS = "$(inherited) @executable_path/Frameworks @loader_path/Frameworks";
				PRODUCT_NAME = "$(TARGET_NAME)";
				TEST_HOST = "$(BUILT_PRODUCTS_DIR)/Photo Aligner.app/Photo Aligner";
			};
			name = Release;
		};
/* End XCBuildConfiguration section */

/* Begin XCConfigurationList section */
		ECA8664E1B6D6BC6007B2AA3 /* Build configuration list for PBXProject "Photo Aligner" */ = {
			isa = XCConfigurationList;
			buildConfigurations = (
				ECA866701B6D6BC7007B2AA3 /* Debug */,
				ECA866711B6D6BC7007B2AA3 /* Release */,
			);
			defaultConfigurationIsVisible = 0;
			defaultConfigurationName = Release;
		};
		ECA866721B6D6BC7007B2AA3 /* Build configuration list for PBXNativeTarget "Photo Aligner" */ = {
			isa = XCConfigurationList;
			buildConfigurations = (
				ECA866731B6D6BC7007B2AA3 /* Debug */,
				ECA866741B6D6BC7007B2AA3 /* Release */,
			);
			defaultConfigurationIsVisible = 0;
			defaultConfigurationName = Release;
		};
		ECA866751B6D6BC7007B2AA3 /* Build configuration list for PBXNativeTarget "Photo AlignerTests" */ = {
			isa = XCConfigurationList;
			buildConfigurations = (
				ECA866761B6D6BC7007B2AA3 /* Debug */,
				ECA866771B6D6BC7007B2AA3 /* Release */,
			);
			defaultConfigurationIsVisible = 0;
			defaultConfigurationName = Release;
		};
/* End XCConfigurationList section */
	};
	rootObject = ECA8664B1B6D6BC6007B2AA3 /* Project object */;
}
